// !$*UTF8*$!
{
	archiveVersion = 1;
	classes = {
	};
	objectVersion = 56;
	objects = {

/* Begin PBXBuildFile section */
		A1000001 /* FocusApp.swift in Sources */ = {isa = PBXBuildFile; fileRef = A2000001 /* FocusApp.swift */; };
		A1000002 /* ContentView.swift in Sources */ = {isa = PBXBuildFile; fileRef = A2000002 /* ContentView.swift */; };
		A1000003 /* Assets.xcassets in Resources */ = {isa = PBXBuildFile; fileRef = A2000003 /* Assets.xcassets */; };
		A1000010 /* DeviceActivityMonitorExtension.swift in Sources */ = {isa = PBXBuildFile; fileRef = A2000010 /* DeviceActivityMonitorExtension.swift */; };
		A1000020 /* ShieldConfigurationExtension.swift in Sources */ = {isa = PBXBuildFile; fileRef = A2000020 /* ShieldConfigurationExtension.swift */; };
		A1000030 /* ShieldActionExtension.swift in Sources */ = {isa = PBXBuildFile; fileRef = A2000030 /* ShieldActionExtension.swift */; };
		A1000040 /* DeviceActivityReportExtension.swift in Sources */ = {isa = PBXBuildFile; fileRef = A2000040 /* DeviceActivityReportExtension.swift */; };
		A1000050 /* FocusWidgetsBundle.swift in Sources */ = {isa = PBXBuildFile; fileRef = A2000050 /* FocusWidgetsBundle.swift */; };
		A1000051 /* FocusWidgetsLiveActivity.swift in Sources */ = {isa = PBXBuildFile; fileRef = A2000051 /* FocusWidgetsLiveActivity.swift */; };
		A1000052 /* WidgetAssets.xcassets in Resources */ = {isa = PBXBuildFile; fileRef = A2000052 /* Assets.xcassets */; };
		A1000060 /* FocusTests.swift in Sources */ = {isa = PBXBuildFile; fileRef = A2000060 /* FocusTests.swift */; };
		A1000061 /* SwiftDataModelTests.swift in Sources */ = {isa = PBXBuildFile; fileRef = A2000061 /* SwiftDataModelTests.swift */; };
		A1000062 /* ProtocolAbstractionTests.swift in Sources */ = {isa = PBXBuildFile; fileRef = A2000062 /* ProtocolAbstractionTests.swift */; };
		A1000070 /* FocusUITests.swift in Sources */ = {isa = PBXBuildFile; fileRef = A2000070 /* FocusUITests.swift */; };
		A10000A0 /* AuthorizationViewModel.swift in Sources */ = {isa = PBXBuildFile; fileRef = A20000A0 /* AuthorizationViewModel.swift */; };
		A10000A1 /* AuthorizationView.swift in Sources */ = {isa = PBXBuildFile; fileRef = A20000A1 /* AuthorizationView.swift */; };
		A10000A2 /* AuthorizationDeniedView.swift in Sources */ = {isa = PBXBuildFile; fileRef = A20000A2 /* AuthorizationDeniedView.swift */; };
		A10000A3 /* FocusTabView.swift in Sources */ = {isa = PBXBuildFile; fileRef = A20000A3 /* FocusTabView.swift */; };
		A10000A4 /* DeepFocusTabView.swift in Sources */ = {isa = PBXBuildFile; fileRef = A20000A4 /* DeepFocusTabView.swift */; };
		A10000A5 /* StatsTabView.swift in Sources */ = {isa = PBXBuildFile; fileRef = A20000A5 /* StatsTabView.swift */; };
		A10000A6 /* SettingsTabView.swift in Sources */ = {isa = PBXBuildFile; fileRef = A20000A6 /* SettingsTabView.swift */; };
		A10000B0 /* AppShellTests.swift in Sources */ = {isa = PBXBuildFile; fileRef = A20000B0 /* AppShellTests.swift */; };
		A10000B1 /* AppShellUITests.swift in Sources */ = {isa = PBXBuildFile; fileRef = A20000B1 /* AppShellUITests.swift */; };
		A10000C0 /* FocusModeListViewModel.swift in Sources */ = {isa = PBXBuildFile; fileRef = A20000C0 /* FocusModeListViewModel.swift */; };
		A10000C1 /* FocusModeFormViewModel.swift in Sources */ = {isa = PBXBuildFile; fileRef = A20000C1 /* FocusModeFormViewModel.swift */; };
		A10000C2 /* FocusModeListView.swift in Sources */ = {isa = PBXBuildFile; fileRef = A20000C2 /* FocusModeListView.swift */; };
		A10000C3 /* FocusModeCreateView.swift in Sources */ = {isa = PBXBuildFile; fileRef = A20000C3 /* FocusModeCreateView.swift */; };
		A10000C4 /* FocusModeEditView.swift in Sources */ = {isa = PBXBuildFile; fileRef = A20000C4 /* FocusModeEditView.swift */; };
		A10000C5 /* FocusModeFormContent.swift in Sources */ = {isa = PBXBuildFile; fileRef = A20000C5 /* FocusModeFormContent.swift */; };
		A10000C6 /* FocusModeScheduleView.swift in Sources */ = {isa = PBXBuildFile; fileRef = A20000C6 /* FocusModeScheduleView.swift */; };
		A10000D0 /* FocusModeServiceTests.swift in Sources */ = {isa = PBXBuildFile; fileRef = A20000D0 /* FocusModeServiceTests.swift */; };
		A10000D2 /* ScheduleTests.swift in Sources */ = {isa = PBXBuildFile; fileRef = A20000D2 /* ScheduleTests.swift */; };
		A10000D1 /* FocusModeUITests.swift in Sources */ = {isa = PBXBuildFile; fileRef = A20000D1 /* FocusModeUITests.swift */; };
		A10000E0 /* FocusModeActivationTests.swift in Sources */ = {isa = PBXBuildFile; fileRef = A20000E0 /* FocusModeActivationTests.swift */; };
		A10000E1 /* FocusModeActivationUITests.swift in Sources */ = {isa = PBXBuildFile; fileRef = A20000E1 /* FocusModeActivationUITests.swift */; };
		A10000F0 /* GrayscaleGuideView.swift in Sources */ = {isa = PBXBuildFile; fileRef = A20000F0 /* GrayscaleGuideView.swift */; };
		A10000F1 /* ShieldExtensionTests.swift in Sources */ = {isa = PBXBuildFile; fileRef = A20000F1 /* ShieldExtensionTests.swift */; };
		A10000F3 /* FocusNotificationBanner.swift in Sources */ = {isa = PBXBuildFile; fileRef = A20000F3 /* FocusNotificationBanner.swift */; };
		A10000F4 /* CrossAreaTests.swift in Sources */ = {isa = PBXBuildFile; fileRef = A20000F4 /* CrossAreaTests.swift */; };
		A10000F5 /* FocusNotificationUITests.swift in Sources */ = {isa = PBXBuildFile; fileRef = A20000F5 /* FocusNotificationUITests.swift */; };
		A10000F6 /* ScrutinyFixTests.swift in Sources */ = {isa = PBXBuildFile; fileRef = A20000F6 /* ScrutinyFixTests.swift */; };
		A10000F2 /* GrayscaleGuideUITests.swift in Sources */ = {isa = PBXBuildFile; fileRef = A20000F2 /* GrayscaleGuideUITests.swift */; };
		A1000100 /* DurationSelectionView.swift in Sources */ = {isa = PBXBuildFile; fileRef = A2000100 /* DurationSelectionView.swift */; };
		A1000101 /* DeepFocusSessionView.swift in Sources */ = {isa = PBXBuildFile; fileRef = A2000101 /* DeepFocusSessionView.swift */; };
		A1000102 /* DeepFocusSessionManagerTests.swift in Sources */ = {isa = PBXBuildFile; fileRef = A2000102 /* DeepFocusSessionManagerTests.swift */; };
		A1000103 /* DeepFocusDurationSelectionUITests.swift in Sources */ = {isa = PBXBuildFile; fileRef = A2000103 /* DeepFocusDurationSelectionUITests.swift */; };
		A1000080 /* FocusCore in Frameworks */ = {isa = PBXBuildFile; productRef = A5000001 /* FocusCore */; };
		A1000081 /* FocusCore in Frameworks */ = {isa = PBXBuildFile; productRef = A5000002 /* FocusCore */; };
		A1000082 /* FocusCore in Frameworks */ = {isa = PBXBuildFile; productRef = A5000003 /* FocusCore */; };
		A1000083 /* FocusCore in Frameworks */ = {isa = PBXBuildFile; productRef = A5000004 /* FocusCore */; };
		A1000084 /* FocusCore in Frameworks */ = {isa = PBXBuildFile; productRef = A5000005 /* FocusCore */; };
		A1000085 /* FocusCore in Frameworks */ = {isa = PBXBuildFile; productRef = A5000006 /* FocusCore */; };
		A1000011 /* DeviceActivityMonitorExtension.appex in Embed Foundation Extensions */ = {isa = PBXBuildFile; fileRef = A4000010 /* DeviceActivityMonitorExtension.appex */; settings = {ATTRIBUTES = (RemoveHeadersOnCopy, ); }; };
		A1000021 /* ShieldConfigurationExtension.appex in Embed Foundation Extensions */ = {isa = PBXBuildFile; fileRef = A4000020 /* ShieldConfigurationExtension.appex */; settings = {ATTRIBUTES = (RemoveHeadersOnCopy, ); }; };
		A1000031 /* ShieldActionExtension.appex in Embed Foundation Extensions */ = {isa = PBXBuildFile; fileRef = A4000030 /* ShieldActionExtension.appex */; settings = {ATTRIBUTES = (RemoveHeadersOnCopy, ); }; };
		A1000041 /* DeviceActivityReportExtension.appex in Embed Foundation Extensions */ = {isa = PBXBuildFile; fileRef = A4000040 /* DeviceActivityReportExtension.appex */; settings = {ATTRIBUTES = (RemoveHeadersOnCopy, ); }; };
		A1000053 /* FocusWidgets.appex in Embed Foundation Extensions */ = {isa = PBXBuildFile; fileRef = A4000050 /* FocusWidgets.appex */; settings = {ATTRIBUTES = (RemoveHeadersOnCopy, ); }; };
/* End PBXBuildFile section */

/* Begin PBXContainerItemProxy section */
		A6000001 /* PBXContainerItemProxy */ = {
			isa = PBXContainerItemProxy;
			containerPortal = A0000001 /* Project object */;
			proxyType = 1;
			remoteGlobalIDString = A3000001;
			remoteInfo = Focus;
		};
		A6000002 /* PBXContainerItemProxy */ = {
			isa = PBXContainerItemProxy;
			containerPortal = A0000001 /* Project object */;
			proxyType = 1;
			remoteGlobalIDString = A3000001;
			remoteInfo = Focus;
		};
		A6000010 /* PBXContainerItemProxy */ = {
			isa = PBXContainerItemProxy;
			containerPortal = A0000001 /* Project object */;
			proxyType = 1;
			remoteGlobalIDString = A3000010;
			remoteInfo = DeviceActivityMonitorExtension;
		};
		A6000020 /* PBXContainerItemProxy */ = {
			isa = PBXContainerItemProxy;
			containerPortal = A0000001 /* Project object */;
			proxyType = 1;
			remoteGlobalIDString = A3000020;
			remoteInfo = ShieldConfigurationExtension;
		};
		A6000030 /* PBXContainerItemProxy */ = {
			isa = PBXContainerItemProxy;
			containerPortal = A0000001 /* Project object */;
			proxyType = 1;
			remoteGlobalIDString = A3000030;
			remoteInfo = ShieldActionExtension;
		};
		A6000040 /* PBXContainerItemProxy */ = {
			isa = PBXContainerItemProxy;
			containerPortal = A0000001 /* Project object */;
			proxyType = 1;
			remoteGlobalIDString = A3000040;
			remoteInfo = DeviceActivityReportExtension;
		};
		A6000050 /* PBXContainerItemProxy */ = {
			isa = PBXContainerItemProxy;
			containerPortal = A0000001 /* Project object */;
			proxyType = 1;
			remoteGlobalIDString = A3000050;
			remoteInfo = FocusWidgets;
		};
/* End PBXContainerItemProxy section */

/* Begin PBXCopyFilesBuildPhase section */
		A8000001 /* Embed Foundation Extensions */ = {
			isa = PBXCopyFilesBuildPhase;
			buildActionMask = 2147483647;
			dstPath = "";
			dstSubfolderSpec = 13;
			files = (
				A1000011 /* DeviceActivityMonitorExtension.appex in Embed Foundation Extensions */,
				A1000021 /* ShieldConfigurationExtension.appex in Embed Foundation Extensions */,
				A1000031 /* ShieldActionExtension.appex in Embed Foundation Extensions */,
				A1000041 /* DeviceActivityReportExtension.appex in Embed Foundation Extensions */,
				A1000053 /* FocusWidgets.appex in Embed Foundation Extensions */,
			);
			name = "Embed Foundation Extensions";
			runOnlyForDeploymentPostprocessing = 0;
		};
/* End PBXCopyFilesBuildPhase section */

/* Begin PBXFileReference section */
		A2000001 /* FocusApp.swift */ = {isa = PBXFileReference; lastKnownFileType = sourcecode.swift; path = FocusApp.swift; sourceTree = "<group>"; };
		A2000002 /* ContentView.swift */ = {isa = PBXFileReference; lastKnownFileType = sourcecode.swift; path = ContentView.swift; sourceTree = "<group>"; };
		A2000003 /* Assets.xcassets */ = {isa = PBXFileReference; lastKnownFileType = folder.assetcatalog; path = Assets.xcassets; sourceTree = "<group>"; };
		A2000004 /* Info.plist */ = {isa = PBXFileReference; lastKnownFileType = text.plist.xml; path = Info.plist; sourceTree = "<group>"; };
		A2000005 /* Focus.entitlements */ = {isa = PBXFileReference; lastKnownFileType = text.plist.entitlements; path = Focus.entitlements; sourceTree = "<group>"; };
		A2000010 /* DeviceActivityMonitorExtension.swift */ = {isa = PBXFileReference; lastKnownFileType = sourcecode.swift; path = DeviceActivityMonitorExtension.swift; sourceTree = "<group>"; };
		A2000011 /* Info.plist */ = {isa = PBXFileReference; lastKnownFileType = text.plist.xml; path = Info.plist; sourceTree = "<group>"; };
		A2000012 /* DeviceActivityMonitorExtension.entitlements */ = {isa = PBXFileReference; lastKnownFileType = text.plist.entitlements; path = DeviceActivityMonitorExtension.entitlements; sourceTree = "<group>"; };
		A2000020 /* ShieldConfigurationExtension.swift */ = {isa = PBXFileReference; lastKnownFileType = sourcecode.swift; path = ShieldConfigurationExtension.swift; sourceTree = "<group>"; };
		A2000021 /* Info.plist */ = {isa = PBXFileReference; lastKnownFileType = text.plist.xml; path = Info.plist; sourceTree = "<group>"; };
		A2000022 /* ShieldConfigurationExtension.entitlements */ = {isa = PBXFileReference; lastKnownFileType = text.plist.entitlements; path = ShieldConfigurationExtension.entitlements; sourceTree = "<group>"; };
		A2000030 /* ShieldActionExtension.swift */ = {isa = PBXFileReference; lastKnownFileType = sourcecode.swift; path = ShieldActionExtension.swift; sourceTree = "<group>"; };
		A2000031 /* Info.plist */ = {isa = PBXFileReference; lastKnownFileType = text.plist.xml; path = Info.plist; sourceTree = "<group>"; };
		A2000032 /* ShieldActionExtension.entitlements */ = {isa = PBXFileReference; lastKnownFileType = text.plist.entitlements; path = ShieldActionExtension.entitlements; sourceTree = "<group>"; };
		A2000040 /* DeviceActivityReportExtension.swift */ = {isa = PBXFileReference; lastKnownFileType = sourcecode.swift; path = DeviceActivityReportExtension.swift; sourceTree = "<group>"; };
		A2000041 /* Info.plist */ = {isa = PBXFileReference; lastKnownFileType = text.plist.xml; path = Info.plist; sourceTree = "<group>"; };
		A2000042 /* DeviceActivityReportExtension.entitlements */ = {isa = PBXFileReference; lastKnownFileType = text.plist.entitlements; path = DeviceActivityReportExtension.entitlements; sourceTree = "<group>"; };
		A2000050 /* FocusWidgetsBundle.swift */ = {isa = PBXFileReference; lastKnownFileType = sourcecode.swift; path = FocusWidgetsBundle.swift; sourceTree = "<group>"; };
		A2000051 /* FocusWidgetsLiveActivity.swift */ = {isa = PBXFileReference; lastKnownFileType = sourcecode.swift; path = FocusWidgetsLiveActivity.swift; sourceTree = "<group>"; };
		A2000052 /* Assets.xcassets */ = {isa = PBXFileReference; lastKnownFileType = folder.assetcatalog; path = Assets.xcassets; sourceTree = "<group>"; };
		A2000054 /* Info.plist */ = {isa = PBXFileReference; lastKnownFileType = text.plist.xml; path = Info.plist; sourceTree = "<group>"; };
		A2000055 /* FocusWidgets.entitlements */ = {isa = PBXFileReference; lastKnownFileType = text.plist.entitlements; path = FocusWidgets.entitlements; sourceTree = "<group>"; };
		A2000060 /* FocusTests.swift */ = {isa = PBXFileReference; lastKnownFileType = sourcecode.swift; path = FocusTests.swift; sourceTree = "<group>"; };
		A2000061 /* SwiftDataModelTests.swift */ = {isa = PBXFileReference; lastKnownFileType = sourcecode.swift; path = SwiftDataModelTests.swift; sourceTree = "<group>"; };
		A2000062 /* ProtocolAbstractionTests.swift */ = {isa = PBXFileReference; lastKnownFileType = sourcecode.swift; path = ProtocolAbstractionTests.swift; sourceTree = "<group>"; };
		A2000070 /* FocusUITests.swift */ = {isa = PBXFileReference; lastKnownFileType = sourcecode.swift; path = FocusUITests.swift; sourceTree = "<group>"; };
		A20000A0 /* AuthorizationViewModel.swift */ = {isa = PBXFileReference; lastKnownFileType = sourcecode.swift; path = AuthorizationViewModel.swift; sourceTree = "<group>"; };
		A20000A1 /* AuthorizationView.swift */ = {isa = PBXFileReference; lastKnownFileType = sourcecode.swift; path = AuthorizationView.swift; sourceTree = "<group>"; };
		A20000A2 /* AuthorizationDeniedView.swift */ = {isa = PBXFileReference; lastKnownFileType = sourcecode.swift; path = AuthorizationDeniedView.swift; sourceTree = "<group>"; };
		A20000A3 /* FocusTabView.swift */ = {isa = PBXFileReference; lastKnownFileType = sourcecode.swift; path = FocusTabView.swift; sourceTree = "<group>"; };
		A20000A4 /* DeepFocusTabView.swift */ = {isa = PBXFileReference; lastKnownFileType = sourcecode.swift; path = DeepFocusTabView.swift; sourceTree = "<group>"; };
		A20000A5 /* StatsTabView.swift */ = {isa = PBXFileReference; lastKnownFileType = sourcecode.swift; path = StatsTabView.swift; sourceTree = "<group>"; };
		A20000A6 /* SettingsTabView.swift */ = {isa = PBXFileReference; lastKnownFileType = sourcecode.swift; path = SettingsTabView.swift; sourceTree = "<group>"; };
		A20000B0 /* AppShellTests.swift */ = {isa = PBXFileReference; lastKnownFileType = sourcecode.swift; path = AppShellTests.swift; sourceTree = "<group>"; };
		A20000B1 /* AppShellUITests.swift */ = {isa = PBXFileReference; lastKnownFileType = sourcecode.swift; path = AppShellUITests.swift; sourceTree = "<group>"; };
		A20000C0 /* FocusModeListViewModel.swift */ = {isa = PBXFileReference; lastKnownFileType = sourcecode.swift; path = FocusModeListViewModel.swift; sourceTree = "<group>"; };
		A20000C1 /* FocusModeFormViewModel.swift */ = {isa = PBXFileReference; lastKnownFileType = sourcecode.swift; path = FocusModeFormViewModel.swift; sourceTree = "<group>"; };
		A20000C2 /* FocusModeListView.swift */ = {isa = PBXFileReference; lastKnownFileType = sourcecode.swift; path = FocusModeListView.swift; sourceTree = "<group>"; };
		A20000C3 /* FocusModeCreateView.swift */ = {isa = PBXFileReference; lastKnownFileType = sourcecode.swift; path = FocusModeCreateView.swift; sourceTree = "<group>"; };
		A20000C4 /* FocusModeEditView.swift */ = {isa = PBXFileReference; lastKnownFileType = sourcecode.swift; path = FocusModeEditView.swift; sourceTree = "<group>"; };
		A20000C5 /* FocusModeFormContent.swift */ = {isa = PBXFileReference; lastKnownFileType = sourcecode.swift; path = FocusModeFormContent.swift; sourceTree = "<group>"; };
		A20000C6 /* FocusModeScheduleView.swift */ = {isa = PBXFileReference; lastKnownFileType = sourcecode.swift; path = FocusModeScheduleView.swift; sourceTree = "<group>"; };
		A20000D0 /* FocusModeServiceTests.swift */ = {isa = PBXFileReference; lastKnownFileType = sourcecode.swift; path = FocusModeServiceTests.swift; sourceTree = "<group>"; };
		A20000D2 /* ScheduleTests.swift */ = {isa = PBXFileReference; lastKnownFileType = sourcecode.swift; path = ScheduleTests.swift; sourceTree = "<group>"; };
		A20000D1 /* FocusModeUITests.swift */ = {isa = PBXFileReference; lastKnownFileType = sourcecode.swift; path = FocusModeUITests.swift; sourceTree = "<group>"; };
		A20000E0 /* FocusModeActivationTests.swift */ = {isa = PBXFileReference; lastKnownFileType = sourcecode.swift; path = FocusModeActivationTests.swift; sourceTree = "<group>"; };
		A20000E1 /* FocusModeActivationUITests.swift */ = {isa = PBXFileReference; lastKnownFileType = sourcecode.swift; path = FocusModeActivationUITests.swift; sourceTree = "<group>"; };
		A20000F0 /* GrayscaleGuideView.swift */ = {isa = PBXFileReference; lastKnownFileType = sourcecode.swift; path = GrayscaleGuideView.swift; sourceTree = "<group>"; };
		A20000F1 /* ShieldExtensionTests.swift */ = {isa = PBXFileReference; lastKnownFileType = sourcecode.swift; path = ShieldExtensionTests.swift; sourceTree = "<group>"; };
		A20000F2 /* GrayscaleGuideUITests.swift */ = {isa = PBXFileReference; lastKnownFileType = sourcecode.swift; path = GrayscaleGuideUITests.swift; sourceTree = "<group>"; };
		A20000F3 /* FocusNotificationBanner.swift */ = {isa = PBXFileReference; lastKnownFileType = sourcecode.swift; path = FocusNotificationBanner.swift; sourceTree = "<group>"; };
		A20000F4 /* CrossAreaTests.swift */ = {isa = PBXFileReference; lastKnownFileType = sourcecode.swift; path = CrossAreaTests.swift; sourceTree = "<group>"; };
		A20000F5 /* FocusNotificationUITests.swift */ = {isa = PBXFileReference; lastKnownFileType = sourcecode.swift; path = FocusNotificationUITests.swift; sourceTree = "<group>"; };
		A20000F6 /* ScrutinyFixTests.swift */ = {isa = PBXFileReference; lastKnownFileType = sourcecode.swift; path = ScrutinyFixTests.swift; sourceTree = "<group>"; };
		A2000100 /* DurationSelectionView.swift */ = {isa = PBXFileReference; lastKnownFileType = sourcecode.swift; path = DurationSelectionView.swift; sourceTree = "<group>"; };
		A2000101 /* DeepFocusSessionView.swift */ = {isa = PBXFileReference; lastKnownFileType = sourcecode.swift; path = DeepFocusSessionView.swift; sourceTree = "<group>"; };
		A2000102 /* DeepFocusSessionManagerTests.swift */ = {isa = PBXFileReference; lastKnownFileType = sourcecode.swift; path = DeepFocusSessionManagerTests.swift; sourceTree = "<group>"; };
		A2000103 /* DeepFocusDurationSelectionUITests.swift */ = {isa = PBXFileReference; lastKnownFileType = sourcecode.swift; path = DeepFocusDurationSelectionUITests.swift; sourceTree = "<group>"; };
		A2000090 /* FocusCore */ = {isa = PBXFileReference; lastKnownFileType = wrapper; name = FocusCore; path = FocusCore; sourceTree = "<group>"; };
		A4000001 /* Focus.app */ = {isa = PBXFileReference; explicitFileType = wrapper.application; includeInIndex = 0; path = Focus.app; sourceTree = BUILT_PRODUCTS_DIR; };
		A4000010 /* DeviceActivityMonitorExtension.appex */ = {isa = PBXFileReference; explicitFileType = "wrapper.app-extension"; includeInIndex = 0; path = DeviceActivityMonitorExtension.appex; sourceTree = BUILT_PRODUCTS_DIR; };
		A4000020 /* ShieldConfigurationExtension.appex */ = {isa = PBXFileReference; explicitFileType = "wrapper.app-extension"; includeInIndex = 0; path = ShieldConfigurationExtension.appex; sourceTree = BUILT_PRODUCTS_DIR; };
		A4000030 /* ShieldActionExtension.appex */ = {isa = PBXFileReference; explicitFileType = "wrapper.app-extension"; includeInIndex = 0; path = ShieldActionExtension.appex; sourceTree = BUILT_PRODUCTS_DIR; };
		A4000040 /* DeviceActivityReportExtension.appex */ = {isa = PBXFileReference; explicitFileType = "wrapper.app-extension"; includeInIndex = 0; path = DeviceActivityReportExtension.appex; sourceTree = BUILT_PRODUCTS_DIR; };
		A4000050 /* FocusWidgets.appex */ = {isa = PBXFileReference; explicitFileType = "wrapper.app-extension"; includeInIndex = 0; path = FocusWidgets.appex; sourceTree = BUILT_PRODUCTS_DIR; };
		A4000060 /* FocusTests.xctest */ = {isa = PBXFileReference; explicitFileType = wrapper.cfbundle; includeInIndex = 0; path = FocusTests.xctest; sourceTree = BUILT_PRODUCTS_DIR; };
		A4000070 /* FocusUITests.xctest */ = {isa = PBXFileReference; explicitFileType = wrapper.cfbundle; includeInIndex = 0; path = FocusUITests.xctest; sourceTree = BUILT_PRODUCTS_DIR; };
/* End PBXFileReference section */

/* Begin PBXFrameworksBuildPhase section */
		A7000001 /* Frameworks */ = {
			isa = PBXFrameworksBuildPhase;
			buildActionMask = 2147483647;
			files = (
				A1000080 /* FocusCore in Frameworks */,
			);
			runOnlyForDeploymentPostprocessing = 0;
		};
		A7000010 /* Frameworks */ = {
			isa = PBXFrameworksBuildPhase;
			buildActionMask = 2147483647;
			files = (
				A1000081 /* FocusCore in Frameworks */,
			);
			runOnlyForDeploymentPostprocessing = 0;
		};
		A7000020 /* Frameworks */ = {
			isa = PBXFrameworksBuildPhase;
			buildActionMask = 2147483647;
			files = (
				A1000082 /* FocusCore in Frameworks */,
			);
			runOnlyForDeploymentPostprocessing = 0;
		};
		A7000030 /* Frameworks */ = {
			isa = PBXFrameworksBuildPhase;
			buildActionMask = 2147483647;
			files = (
				A1000083 /* FocusCore in Frameworks */,
			);
			runOnlyForDeploymentPostprocessing = 0;
		};
		A7000040 /* Frameworks */ = {
			isa = PBXFrameworksBuildPhase;
			buildActionMask = 2147483647;
			files = (
				A1000084 /* FocusCore in Frameworks */,
			);
			runOnlyForDeploymentPostprocessing = 0;
		};
		A7000050 /* Frameworks */ = {
			isa = PBXFrameworksBuildPhase;
			buildActionMask = 2147483647;
			files = (
				A1000085 /* FocusCore in Frameworks */,
			);
			runOnlyForDeploymentPostprocessing = 0;
		};
		A7000060 /* Frameworks */ = {
			isa = PBXFrameworksBuildPhase;
			buildActionMask = 2147483647;
			files = (
			);
			runOnlyForDeploymentPostprocessing = 0;
		};
		A7000070 /* Frameworks */ = {
			isa = PBXFrameworksBuildPhase;
			buildActionMask = 2147483647;
			files = (
			);
			runOnlyForDeploymentPostprocessing = 0;
		};
/* End PBXFrameworksBuildPhase section */

/* Begin PBXGroup section */
		A9000000 /* = */ = {
			isa = PBXGroup;
			children = (
				A9000001 /* Focus */,
				A9000010 /* DeviceActivityMonitorExtension */,
				A9000020 /* ShieldConfigurationExtension */,
				A9000030 /* ShieldActionExtension */,
				A9000040 /* DeviceActivityReportExtension */,
				A9000050 /* FocusWidgets */,
				A9000060 /* FocusTests */,
				A9000070 /* FocusUITests */,
				A2000090 /* FocusCore */,
				A9000099 /* Products */,
			);
			sourceTree = "<group>";
		};
		A9000001 /* Focus */ = {
			isa = PBXGroup;
			children = (
				A2000001 /* FocusApp.swift */,
				A2000002 /* ContentView.swift */,
				A90000A0 /* ViewModels */,
				A90000A1 /* Views */,
				A2000003 /* Assets.xcassets */,
				A2000004 /* Info.plist */,
				A2000005 /* Focus.entitlements */,
			);
			path = Focus;
			sourceTree = "<group>";
		};
		A90000A0 /* ViewModels */ = {
			isa = PBXGroup;
			children = (
				A20000A0 /* AuthorizationViewModel.swift */,
				A20000C0 /* FocusModeListViewModel.swift */,
				A20000C1 /* FocusModeFormViewModel.swift */,
			);
			path = ViewModels;
			sourceTree = "<group>";
		};
		A90000A1 /* Views */ = {
			isa = PBXGroup;
			children = (
				A20000A1 /* AuthorizationView.swift */,
				A20000A2 /* AuthorizationDeniedView.swift */,
				A20000F0 /* GrayscaleGuideView.swift */,
				A20000F3 /* FocusNotificationBanner.swift */,
				A90000A2 /* Tabs */,
				A90000C0 /* FocusModes */,
				A9000100 /* DeepFocus */,
			);
			path = Views;
			sourceTree = "<group>";
		};
		A9000100 /* DeepFocus */ = {
			isa = PBXGroup;
			children = (
				A2000100 /* DurationSelectionView.swift */,
				A2000101 /* DeepFocusSessionView.swift */,
			);
			path = DeepFocus;
			sourceTree = "<group>";
		};
		A90000C0 /* FocusModes */ = {
			isa = PBXGroup;
			children = (
				A20000C2 /* FocusModeListView.swift */,
				A20000C3 /* FocusModeCreateView.swift */,
				A20000C4 /* FocusModeEditView.swift */,
				A20000C5 /* FocusModeFormContent.swift */,
				A20000C6 /* FocusModeScheduleView.swift */,
			);
			path = FocusModes;
			sourceTree = "<group>";
		};
		A90000A2 /* Tabs */ = {
			isa = PBXGroup;
			children = (
				A20000A3 /* FocusTabView.swift */,
				A20000A4 /* DeepFocusTabView.swift */,
				A20000A5 /* StatsTabView.swift */,
				A20000A6 /* SettingsTabView.swift */,
			);
			path = Tabs;
			sourceTree = "<group>";
		};
		A9000010 /* DeviceActivityMonitorExtension */ = {
			isa = PBXGroup;
			children = (
				A2000010 /* DeviceActivityMonitorExtension.swift */,
				A2000011 /* Info.plist */,
				A2000012 /* DeviceActivityMonitorExtension.entitlements */,
			);
			path = DeviceActivityMonitorExtension;
			sourceTree = "<group>";
		};
		A9000020 /* ShieldConfigurationExtension */ = {
			isa = PBXGroup;
			children = (
				A2000020 /* ShieldConfigurationExtension.swift */,
				A2000021 /* Info.plist */,
				A2000022 /* ShieldConfigurationExtension.entitlements */,
			);
			path = ShieldConfigurationExtension;
			sourceTree = "<group>";
		};
		A9000030 /* ShieldActionExtension */ = {
			isa = PBXGroup;
			children = (
				A2000030 /* ShieldActionExtension.swift */,
				A2000031 /* Info.plist */,
				A2000032 /* ShieldActionExtension.entitlements */,
			);
			path = ShieldActionExtension;
			sourceTree = "<group>";
		};
		A9000040 /* DeviceActivityReportExtension */ = {
			isa = PBXGroup;
			children = (
				A2000040 /* DeviceActivityReportExtension.swift */,
				A2000041 /* Info.plist */,
				A2000042 /* DeviceActivityReportExtension.entitlements */,
			);
			path = DeviceActivityReportExtension;
			sourceTree = "<group>";
		};
		A9000050 /* FocusWidgets */ = {
			isa = PBXGroup;
			children = (
				A2000050 /* FocusWidgetsBundle.swift */,
				A2000051 /* FocusWidgetsLiveActivity.swift */,
				A2000052 /* Assets.xcassets */,
				A2000054 /* Info.plist */,
				A2000055 /* FocusWidgets.entitlements */,
			);
			path = FocusWidgets;
			sourceTree = "<group>";
		};
		A9000060 /* FocusTests */ = {
			isa = PBXGroup;
			children = (
				A2000060 /* FocusTests.swift */,
				A2000061 /* SwiftDataModelTests.swift */,
				A2000062 /* ProtocolAbstractionTests.swift */,
				A20000B0 /* AppShellTests.swift */,
				A20000D0 /* FocusModeServiceTests.swift */,
				A20000D2 /* ScheduleTests.swift */,
				A20000E0 /* FocusModeActivationTests.swift */,
				A20000F1 /* ShieldExtensionTests.swift */,
				A20000F4 /* CrossAreaTests.swift */,
				A20000F6 /* ScrutinyFixTests.swift */,
				A2000102 /* DeepFocusSessionManagerTests.swift */,
			);
			path = FocusTests;
			sourceTree = "<group>";
		};
		A9000070 /* FocusUITests */ = {
			isa = PBXGroup;
			children = (
				A2000070 /* FocusUITests.swift */,
				A20000B1 /* AppShellUITests.swift */,
				A20000D1 /* FocusModeUITests.swift */,
				A20000E1 /* FocusModeActivationUITests.swift */,
				A20000F2 /* GrayscaleGuideUITests.swift */,
				A20000F5 /* FocusNotificationUITests.swift */,
				A2000103 /* DeepFocusDurationSelectionUITests.swift */,
			);
			path = FocusUITests;
			sourceTree = "<group>";
		};
		A9000099 /* Products */ = {
			isa = PBXGroup;
			children = (
				A4000001 /* Focus.app */,
				A4000010 /* DeviceActivityMonitorExtension.appex */,
				A4000020 /* ShieldConfigurationExtension.appex */,
				A4000030 /* ShieldActionExtension.appex */,
				A4000040 /* DeviceActivityReportExtension.appex */,
				A4000050 /* FocusWidgets.appex */,
				A4000060 /* FocusTests.xctest */,
				A4000070 /* FocusUITests.xctest */,
			);
			name = Products;
			sourceTree = "<group>";
		};
/* End PBXGroup section */

/* Begin PBXNativeTarget section */
		A3000001 /* Focus */ = {
			isa = PBXNativeTarget;
			buildConfigurationList = AB000001 /* Build configuration list for PBXNativeTarget "Focus" */;
			buildPhases = (
				A7100001 /* Sources */,
				A7000001 /* Frameworks */,
				A7200001 /* Resources */,
				A8000001 /* Embed Foundation Extensions */,
			);
			buildRules = (
			);
			dependencies = (
				A6100010 /* PBXTargetDependency */,
				A6100020 /* PBXTargetDependency */,
				A6100030 /* PBXTargetDependency */,
				A6100040 /* PBXTargetDependency */,
				A6100050 /* PBXTargetDependency */,
			);
			name = Focus;
			packageProductDependencies = (
				A5000001 /* FocusCore */,
			);
			productName = Focus;
			productReference = A4000001 /* Focus.app */;
			productType = "com.apple.product-type.application";
		};
		A3000010 /* DeviceActivityMonitorExtension */ = {
			isa = PBXNativeTarget;
			buildConfigurationList = AB000010 /* Build configuration list for PBXNativeTarget "DeviceActivityMonitorExtension" */;
			buildPhases = (
				A7100010 /* Sources */,
				A7000010 /* Frameworks */,
				A7200010 /* Resources */,
			);
			buildRules = (
			);
			dependencies = (
			);
			name = DeviceActivityMonitorExtension;
			packageProductDependencies = (
				A5000002 /* FocusCore */,
			);
			productName = DeviceActivityMonitorExtension;
			productReference = A4000010 /* DeviceActivityMonitorExtension.appex */;
			productType = "com.apple.product-type.app-extension";
		};
		A3000020 /* ShieldConfigurationExtension */ = {
			isa = PBXNativeTarget;
			buildConfigurationList = AB000020 /* Build configuration list for PBXNativeTarget "ShieldConfigurationExtension" */;
			buildPhases = (
				A7100020 /* Sources */,
				A7000020 /* Frameworks */,
				A7200020 /* Resources */,
			);
			buildRules = (
			);
			dependencies = (
			);
			name = ShieldConfigurationExtension;
			packageProductDependencies = (
				A5000003 /* FocusCore */,
			);
			productName = ShieldConfigurationExtension;
			productReference = A4000020 /* ShieldConfigurationExtension.appex */;
			productType = "com.apple.product-type.app-extension";
		};
		A3000030 /* ShieldActionExtension */ = {
			isa = PBXNativeTarget;
			buildConfigurationList = AB000030 /* Build configuration list for PBXNativeTarget "ShieldActionExtension" */;
			buildPhases = (
				A7100030 /* Sources */,
				A7000030 /* Frameworks */,
				A7200030 /* Resources */,
			);
			buildRules = (
			);
			dependencies = (
			);
			name = ShieldActionExtension;
			packageProductDependencies = (
				A5000004 /* FocusCore */,
			);
			productName = ShieldActionExtension;
			productReference = A4000030 /* ShieldActionExtension.appex */;
			productType = "com.apple.product-type.app-extension";
		};
		A3000040 /* DeviceActivityReportExtension */ = {
			isa = PBXNativeTarget;
			buildConfigurationList = AB000040 /* Build configuration list for PBXNativeTarget "DeviceActivityReportExtension" */;
			buildPhases = (
				A7100040 /* Sources */,
				A7000040 /* Frameworks */,
				A7200040 /* Resources */,
			);
			buildRules = (
			);
			dependencies = (
			);
			name = DeviceActivityReportExtension;
			packageProductDependencies = (
				A5000005 /* FocusCore */,
			);
			productName = DeviceActivityReportExtension;
			productReference = A4000040 /* DeviceActivityReportExtension.appex */;
			productType = "com.apple.product-type.app-extension";
		};
		A3000050 /* FocusWidgets */ = {
			isa = PBXNativeTarget;
			buildConfigurationList = AB000050 /* Build configuration list for PBXNativeTarget "FocusWidgets" */;
			buildPhases = (
				A7100050 /* Sources */,
				A7000050 /* Frameworks */,
				A7200050 /* Resources */,
			);
			buildRules = (
			);
			dependencies = (
			);
			name = FocusWidgets;
			packageProductDependencies = (
				A5000006 /* FocusCore */,
			);
			productName = FocusWidgets;
			productReference = A4000050 /* FocusWidgets.appex */;
			productType = "com.apple.product-type.app-extension";
		};
		A3000060 /* FocusTests */ = {
			isa = PBXNativeTarget;
			buildConfigurationList = AB000060 /* Build configuration list for PBXNativeTarget "FocusTests" */;
			buildPhases = (
				A7100060 /* Sources */,
				A7000060 /* Frameworks */,
				A7200060 /* Resources */,
			);
			buildRules = (
			);
			dependencies = (
				A6200001 /* PBXTargetDependency */,
			);
			name = FocusTests;
			packageProductDependencies = (
			);
			productName = FocusTests;
			productReference = A4000060 /* FocusTests.xctest */;
			productType = "com.apple.product-type.bundle.unit-test";
		};
		A3000070 /* FocusUITests */ = {
			isa = PBXNativeTarget;
			buildConfigurationList = AB000070 /* Build configuration list for PBXNativeTarget "FocusUITests" */;
			buildPhases = (
				A7100070 /* Sources */,
				A7000070 /* Frameworks */,
				A7200070 /* Resources */,
			);
			buildRules = (
			);
			dependencies = (
				A6200002 /* PBXTargetDependency */,
			);
			name = FocusUITests;
			packageProductDependencies = (
			);
			productName = FocusUITests;
			productReference = A4000070 /* FocusUITests.xctest */;
			productType = "com.apple.product-type.bundle.ui-testing";
		};
/* End PBXNativeTarget section */

/* Begin PBXProject section */
		A0000001 /* Project object */ = {
			isa = PBXProject;
			attributes = {
				BuildIndependentTargetsInParallel = 1;
				LastSwiftUpdateCheck = 1600;
				LastUpgradeCheck = 1600;
				TargetAttributes = {
					A3000001 = {
						CreatedOnToolsVersion = 16.0;
					};
					A3000010 = {
						CreatedOnToolsVersion = 16.0;
					};
					A3000020 = {
						CreatedOnToolsVersion = 16.0;
					};
					A3000030 = {
						CreatedOnToolsVersion = 16.0;
					};
					A3000040 = {
						CreatedOnToolsVersion = 16.0;
					};
					A3000050 = {
						CreatedOnToolsVersion = 16.0;
					};
					A3000060 = {
						CreatedOnToolsVersion = 16.0;
						TestTargetID = A3000001;
					};
					A3000070 = {
						CreatedOnToolsVersion = 16.0;
						TestTargetID = A3000001;
					};
				};
			};
			buildConfigurationList = AB000000 /* Build configuration list for PBXProject "Focus" */;
			compatibilityVersion = "Xcode 14.0";
			developmentRegion = en;
			hasScannedForEncodings = 0;
			knownRegions = (
				en,
				Base,
			);
			mainGroup = A9000000;
			packageReferences = (
				A5100001 /* XCLocalSwiftPackageReference "FocusCore" */,
			);
			productRefGroup = A9000099 /* Products */;
			projectDirPath = "";
			projectRoot = "";
			targets = (
				A3000001 /* Focus */,
				A3000010 /* DeviceActivityMonitorExtension */,
				A3000020 /* ShieldConfigurationExtension */,
				A3000030 /* ShieldActionExtension */,
				A3000040 /* DeviceActivityReportExtension */,
				A3000050 /* FocusWidgets */,
				A3000060 /* FocusTests */,
				A3000070 /* FocusUITests */,
			);
		};
/* End PBXProject section */

/* Begin PBXResourcesBuildPhase section */
		A7200001 /* Resources */ = {
			isa = PBXResourcesBuildPhase;
			buildActionMask = 2147483647;
			files = (
				A1000003 /* Assets.xcassets in Resources */,
			);
			runOnlyForDeploymentPostprocessing = 0;
		};
		A7200010 /* Resources */ = {
			isa = PBXResourcesBuildPhase;
			buildActionMask = 2147483647;
			files = (
			);
			runOnlyForDeploymentPostprocessing = 0;
		};
		A7200020 /* Resources */ = {
			isa = PBXResourcesBuildPhase;
			buildActionMask = 2147483647;
			files = (
			);
			runOnlyForDeploymentPostprocessing = 0;
		};
		A7200030 /* Resources */ = {
			isa = PBXResourcesBuildPhase;
			buildActionMask = 2147483647;
			files = (
			);
			runOnlyForDeploymentPostprocessing = 0;
		};
		A7200040 /* Resources */ = {
			isa = PBXResourcesBuildPhase;
			buildActionMask = 2147483647;
			files = (
			);
			runOnlyForDeploymentPostprocessing = 0;
		};
		A7200050 /* Resources */ = {
			isa = PBXResourcesBuildPhase;
			buildActionMask = 2147483647;
			files = (
				A1000052 /* WidgetAssets.xcassets in Resources */,
			);
			runOnlyForDeploymentPostprocessing = 0;
		};
		A7200060 /* Resources */ = {
			isa = PBXResourcesBuildPhase;
			buildActionMask = 2147483647;
			files = (
			);
			runOnlyForDeploymentPostprocessing = 0;
		};
		A7200070 /* Resources */ = {
			isa = PBXResourcesBuildPhase;
			buildActionMask = 2147483647;
			files = (
			);
			runOnlyForDeploymentPostprocessing = 0;
		};
/* End PBXResourcesBuildPhase section */

/* Begin PBXSourcesBuildPhase section */
		A7100001 /* Sources */ = {
			isa = PBXSourcesBuildPhase;
			buildActionMask = 2147483647;
			files = (
				A1000001 /* FocusApp.swift in Sources */,
				A1000002 /* ContentView.swift in Sources */,
				A10000A0 /* AuthorizationViewModel.swift in Sources */,
				A10000A1 /* AuthorizationView.swift in Sources */,
				A10000A2 /* AuthorizationDeniedView.swift in Sources */,
				A10000A3 /* FocusTabView.swift in Sources */,
				A10000A4 /* DeepFocusTabView.swift in Sources */,
				A10000A5 /* StatsTabView.swift in Sources */,
				A10000A6 /* SettingsTabView.swift in Sources */,
				A10000C0 /* FocusModeListViewModel.swift in Sources */,
				A10000C1 /* FocusModeFormViewModel.swift in Sources */,
				A10000C2 /* FocusModeListView.swift in Sources */,
				A10000C3 /* FocusModeCreateView.swift in Sources */,
				A10000C4 /* FocusModeEditView.swift in Sources */,
				A10000C5 /* FocusModeFormContent.swift in Sources */,
				A10000C6 /* FocusModeScheduleView.swift in Sources */,
				A10000F0 /* GrayscaleGuideView.swift in Sources */,
				A10000F3 /* FocusNotificationBanner.swift in Sources */,
				A1000100 /* DurationSelectionView.swift in Sources */,
				A1000101 /* DeepFocusSessionView.swift in Sources */,
			);
			runOnlyForDeploymentPostprocessing = 0;
		};
		A7100010 /* Sources */ = {
			isa = PBXSourcesBuildPhase;
			buildActionMask = 2147483647;
			files = (
				A1000010 /* DeviceActivityMonitorExtension.swift in Sources */,
			);
			runOnlyForDeploymentPostprocessing = 0;
		};
		A7100020 /* Sources */ = {
			isa = PBXSourcesBuildPhase;
			buildActionMask = 2147483647;
			files = (
				A1000020 /* ShieldConfigurationExtension.swift in Sources */,
			);
			runOnlyForDeploymentPostprocessing = 0;
		};
		A7100030 /* Sources */ = {
			isa = PBXSourcesBuildPhase;
			buildActionMask = 2147483647;
			files = (
				A1000030 /* ShieldActionExtension.swift in Sources */,
			);
			runOnlyForDeploymentPostprocessing = 0;
		};
		A7100040 /* Sources */ = {
			isa = PBXSourcesBuildPhase;
			buildActionMask = 2147483647;
			files = (
				A1000040 /* DeviceActivityReportExtension.swift in Sources */,
			);
			runOnlyForDeploymentPostprocessing = 0;
		};
		A7100050 /* Sources */ = {
			isa = PBXSourcesBuildPhase;
			buildActionMask = 2147483647;
			files = (
				A1000050 /* FocusWidgetsBundle.swift in Sources */,
				A1000051 /* FocusWidgetsLiveActivity.swift in Sources */,
			);
			runOnlyForDeploymentPostprocessing = 0;
		};
		A7100060 /* Sources */ = {
			isa = PBXSourcesBuildPhase;
			buildActionMask = 2147483647;
			files = (
				A1000060 /* FocusTests.swift in Sources */,
				A1000061 /* SwiftDataModelTests.swift in Sources */,
				A1000062 /* ProtocolAbstractionTests.swift in Sources */,
				A10000B0 /* AppShellTests.swift in Sources */,
				A10000D0 /* FocusModeServiceTests.swift in Sources */,
				A10000D2 /* ScheduleTests.swift in Sources */,
				A10000E0 /* FocusModeActivationTests.swift in Sources */,
				A10000F1 /* ShieldExtensionTests.swift in Sources */,
				A10000F4 /* CrossAreaTests.swift in Sources */,
				A10000F6 /* ScrutinyFixTests.swift in Sources */,
				A1000102 /* DeepFocusSessionManagerTests.swift in Sources */,
			);
			runOnlyForDeploymentPostprocessing = 0;
		};
		A7100070 /* Sources */ = {
			isa = PBXSourcesBuildPhase;
			buildActionMask = 2147483647;
			files = (
				A1000070 /* FocusUITests.swift in Sources */,
				A10000B1 /* AppShellUITests.swift in Sources */,
				A10000D1 /* FocusModeUITests.swift in Sources */,
				A10000E1 /* FocusModeActivationUITests.swift in Sources */,
				A10000F2 /* GrayscaleGuideUITests.swift in Sources */,
				A10000F5 /* FocusNotificationUITests.swift in Sources */,
				A1000103 /* DeepFocusDurationSelectionUITests.swift in Sources */,
			);
			runOnlyForDeploymentPostprocessing = 0;
		};
/* End PBXSourcesBuildPhase section */

/* Begin PBXTargetDependency section */
		A6100010 /* PBXTargetDependency */ = {
			isa = PBXTargetDependency;
			target = A3000010 /* DeviceActivityMonitorExtension */;
			targetProxy = A6000010 /* PBXContainerItemProxy */;
		};
		A6100020 /* PBXTargetDependency */ = {
			isa = PBXTargetDependency;
			target = A3000020 /* ShieldConfigurationExtension */;
			targetProxy = A6000020 /* PBXContainerItemProxy */;
		};
		A6100030 /* PBXTargetDependency */ = {
			isa = PBXTargetDependency;
			target = A3000030 /* ShieldActionExtension */;
			targetProxy = A6000030 /* PBXContainerItemProxy */;
		};
		A6100040 /* PBXTargetDependency */ = {
			isa = PBXTargetDependency;
			target = A3000040 /* DeviceActivityReportExtension */;
			targetProxy = A6000040 /* PBXContainerItemProxy */;
		};
		A6100050 /* PBXTargetDependency */ = {
			isa = PBXTargetDependency;
			target = A3000050 /* FocusWidgets */;
			targetProxy = A6000050 /* PBXContainerItemProxy */;
		};
		A6200001 /* PBXTargetDependency */ = {
			isa = PBXTargetDependency;
			target = A3000001 /* Focus */;
			targetProxy = A6000001 /* PBXContainerItemProxy */;
		};
		A6200002 /* PBXTargetDependency */ = {
			isa = PBXTargetDependency;
			target = A3000001 /* Focus */;
			targetProxy = A6000002 /* PBXContainerItemProxy */;
		};
/* End PBXTargetDependency section */

/* Begin XCBuildConfiguration section */
		AC000001 /* Debug */ = {
			isa = XCBuildConfiguration;
			buildSettings = {
				ALWAYS_SEARCH_USER_PATHS = NO;
				ASSETCATALOG_COMPILER_GENERATE_SWIFT_ASSET_SYMBOL_EXTENSIONS = YES;
				CLANG_ANALYZER_NONNULL = YES;
				CLANG_ANALYZER_NUMBER_OBJECT_CONVERSION = YES_AGGRESSIVE;
				CLANG_CXX_LANGUAGE_STANDARD = "gnu++20";
				CLANG_ENABLE_MODULES = YES;
				CLANG_ENABLE_OBJC_ARC = YES;
				CLANG_ENABLE_OBJC_WEAK = YES;
				CLANG_WARN_BLOCK_CAPTURE_AUTORELEASING = YES;
				CLANG_WARN_BOOL_CONVERSION = YES;
				CLANG_WARN_COMMA = YES;
				CLANG_WARN_CONSTANT_CONVERSION = YES;
				CLANG_WARN_DEPRECATED_OBJC_IMPLEMENTATIONS = YES;
				CLANG_WARN_DIRECT_OBJC_ISA_USAGE = YES_ERROR;
				CLANG_WARN_DOCUMENTATION_COMMENTS = YES;
				CLANG_WARN_EMPTY_BODY = YES;
				CLANG_WARN_ENUM_CONVERSION = YES;
				CLANG_WARN_INFINITE_RECURSION = YES;
				CLANG_WARN_INT_CONVERSION = YES;
				CLANG_WARN_NON_LITERAL_NULL_CONVERSION = YES;
				CLANG_WARN_OBJC_IMPLICIT_RETAIN_SELF = YES;
				CLANG_WARN_OBJC_LITERAL_CONVERSION = YES;
				CLANG_WARN_OBJC_ROOT_CLASS = YES_ERROR;
				CLANG_WARN_QUOTED_INCLUDE_IN_FRAMEWORK_HEADER = YES;
				CLANG_WARN_RANGE_LOOP_ANALYSIS = YES;
				CLANG_WARN_STRICT_PROTOTYPES = YES;
				CLANG_WARN_SUSPICIOUS_MOVE = YES;
				CLANG_WARN_UNGUARDED_AVAILABILITY = YES_AGGRESSIVE;
				CLANG_WARN_UNREACHABLE_CODE = YES;
				CLANG_WARN__DUPLICATE_METHOD_MATCH = YES;
				COPY_PHASE_STRIP = NO;
				DEBUG_INFORMATION_FORMAT = dwarf;
				ENABLE_STRICT_OBJC_MSGSEND = YES;
				ENABLE_TESTABILITY = YES;
				ENABLE_USER_SCRIPT_SANDBOXING = YES;
				GCC_C_LANGUAGE_STANDARD = gnu17;
				GCC_DYNAMIC_NO_PIC = NO;
				GCC_NO_COMMON_BLOCKS = YES;
				GCC_OPTIMIZATION_LEVEL = 0;
				GCC_PREPROCESSOR_DEFINITIONS = (
					"DEBUG=1",
					"$(inherited)",
				);
				GCC_WARN_64_TO_32_BIT_CONVERSION = YES;
				GCC_WARN_ABOUT_RETURN_TYPE = YES_ERROR;
				GCC_WARN_UNDECLARED_SELECTOR = YES;
				GCC_WARN_UNINITIALIZED_AUTOS = YES_AGGRESSIVE;
				GCC_WARN_UNUSED_FUNCTION = YES;
				GCC_WARN_UNUSED_VARIABLE = YES;
				IPHONEOS_DEPLOYMENT_TARGET = 17.0;
				MTL_ENABLE_DEBUG_INFO = INCLUDE_SOURCE;
				MTL_FAST_MATH = YES;
				ONLY_ACTIVE_ARCH = YES;
				SDKROOT = iphoneos;
				SWIFT_ACTIVE_COMPILATION_CONDITIONS = "$(inherited) DEBUG";
				SWIFT_OPTIMIZATION_LEVEL = "-Onone";
				SWIFT_VERSION = 5.0;
			};
			name = Debug;
		};
		AC000002 /* Release */ = {
			isa = XCBuildConfiguration;
			buildSettings = {
				ALWAYS_SEARCH_USER_PATHS = NO;
				ASSETCATALOG_COMPILER_GENERATE_SWIFT_ASSET_SYMBOL_EXTENSIONS = YES;
				CLANG_ANALYZER_NONNULL = YES;
				CLANG_ANALYZER_NUMBER_OBJECT_CONVERSION = YES_AGGRESSIVE;
				CLANG_CXX_LANGUAGE_STANDARD = "gnu++20";
				CLANG_ENABLE_MODULES = YES;
				CLANG_ENABLE_OBJC_ARC = YES;
				CLANG_ENABLE_OBJC_WEAK = YES;
				CLANG_WARN_BLOCK_CAPTURE_AUTORELEASING = YES;
				CLANG_WARN_BOOL_CONVERSION = YES;
				CLANG_WARN_COMMA = YES;
				CLANG_WARN_CONSTANT_CONVERSION = YES;
				CLANG_WARN_DEPRECATED_OBJC_IMPLEMENTATIONS = YES;
				CLANG_WARN_DIRECT_OBJC_ISA_USAGE = YES_ERROR;
				CLANG_WARN_DOCUMENTATION_COMMENTS = YES;
				CLANG_WARN_EMPTY_BODY = YES;
				CLANG_WARN_ENUM_CONVERSION = YES;
				CLANG_WARN_INFINITE_RECURSION = YES;
				CLANG_WARN_INT_CONVERSION = YES;
				CLANG_WARN_NON_LITERAL_NULL_CONVERSION = YES;
				CLANG_WARN_OBJC_IMPLICIT_RETAIN_SELF = YES;
				CLANG_WARN_OBJC_LITERAL_CONVERSION = YES;
				CLANG_WARN_OBJC_ROOT_CLASS = YES_ERROR;
				CLANG_WARN_QUOTED_INCLUDE_IN_FRAMEWORK_HEADER = YES;
				CLANG_WARN_RANGE_LOOP_ANALYSIS = YES;
				CLANG_WARN_STRICT_PROTOTYPES = YES;
				CLANG_WARN_SUSPICIOUS_MOVE = YES;
				CLANG_WARN_UNGUARDED_AVAILABILITY = YES_AGGRESSIVE;
				CLANG_WARN_UNREACHABLE_CODE = YES;
				CLANG_WARN__DUPLICATE_METHOD_MATCH = YES;
				COPY_PHASE_STRIP = NO;
				DEBUG_INFORMATION_FORMAT = "dwarf-with-dsym";
				ENABLE_NS_ASSERTIONS = NO;
				ENABLE_STRICT_OBJC_MSGSEND = YES;
				ENABLE_USER_SCRIPT_SANDBOXING = YES;
				GCC_C_LANGUAGE_STANDARD = gnu17;
				GCC_NO_COMMON_BLOCKS = YES;
				GCC_WARN_64_TO_32_BIT_CONVERSION = YES;
				GCC_WARN_ABOUT_RETURN_TYPE = YES_ERROR;
				GCC_WARN_UNDECLARED_SELECTOR = YES;
				GCC_WARN_UNINITIALIZED_AUTOS = YES_AGGRESSIVE;
				GCC_WARN_UNUSED_FUNCTION = YES;
				GCC_WARN_UNUSED_VARIABLE = YES;
				IPHONEOS_DEPLOYMENT_TARGET = 17.0;
				MTL_ENABLE_DEBUG_INFO = NO;
				MTL_FAST_MATH = YES;
				SDKROOT = iphoneos;
				SWIFT_COMPILATION_MODE = wholemodule;
				SWIFT_VERSION = 5.0;
				VALIDATE_PRODUCT = YES;
			};
			name = Release;
		};
		AC100001 /* Debug */ = {
			isa = XCBuildConfiguration;
			buildSettings = {
				ASSETCATALOG_COMPILER_APPICON_NAME = AppIcon;
				ASSETCATALOG_COMPILER_GLOBAL_ACCENT_COLOR_NAME = AccentColor;
				CODE_SIGN_ENTITLEMENTS = Focus/Focus.entitlements;
				CODE_SIGN_STYLE = Automatic;
				CURRENT_PROJECT_VERSION = 1;
				GENERATE_INFOPLIST_FILE = YES;
				INFOPLIST_FILE = Focus/Info.plist;
				INFOPLIST_KEY_CFBundleDisplayName = Focault;
				INFOPLIST_KEY_UIApplicationSceneManifest_Generation = YES;
				INFOPLIST_KEY_UIApplicationSupportsIndirectInputEvents = YES;
				INFOPLIST_KEY_UILaunchScreen_Generation = YES;
				INFOPLIST_KEY_UISupportedInterfaceOrientations_iPad = "UIInterfaceOrientationPortrait UIInterfaceOrientationPortraitUpsideDown UIInterfaceOrientationLandscapeLeft UIInterfaceOrientationLandscapeRight";
				INFOPLIST_KEY_UISupportedInterfaceOrientations_iPhone = "UIInterfaceOrientationPortrait UIInterfaceOrientationLandscapeLeft UIInterfaceOrientationLandscapeRight";
				LD_RUNPATH_SEARCH_PATHS = (
					"$(inherited)",
					"@executable_path/Frameworks",
				);
				MARKETING_VERSION = 1.0;
				PRODUCT_BUNDLE_IDENTIFIER = com.colbychang.focus;
				PRODUCT_NAME = "$(TARGET_NAME)";
				SWIFT_EMIT_LOC_STRINGS = YES;
				SWIFT_VERSION = 5.0;
				TARGETED_DEVICE_FAMILY = "1,2";
			};
			name = Debug;
		};
		AC100002 /* Release */ = {
			isa = XCBuildConfiguration;
			buildSettings = {
				ASSETCATALOG_COMPILER_APPICON_NAME = AppIcon;
				ASSETCATALOG_COMPILER_GLOBAL_ACCENT_COLOR_NAME = AccentColor;
				CODE_SIGN_ENTITLEMENTS = Focus/Focus.entitlements;
				CODE_SIGN_STYLE = Automatic;
				CURRENT_PROJECT_VERSION = 1;
				GENERATE_INFOPLIST_FILE = YES;
				INFOPLIST_FILE = Focus/Info.plist;
				INFOPLIST_KEY_CFBundleDisplayName = Focault;
				INFOPLIST_KEY_UIApplicationSceneManifest_Generation = YES;
				INFOPLIST_KEY_UIApplicationSupportsIndirectInputEvents = YES;
				INFOPLIST_KEY_UILaunchScreen_Generation = YES;
				INFOPLIST_KEY_UISupportedInterfaceOrientations_iPad = "UIInterfaceOrientationPortrait UIInterfaceOrientationPortraitUpsideDown UIInterfaceOrientationLandscapeLeft UIInterfaceOrientationLandscapeRight";
				INFOPLIST_KEY_UISupportedInterfaceOrientations_iPhone = "UIInterfaceOrientationPortrait UIInterfaceOrientationLandscapeLeft UIInterfaceOrientationLandscapeRight";
				LD_RUNPATH_SEARCH_PATHS = (
					"$(inherited)",
					"@executable_path/Frameworks",
				);
				MARKETING_VERSION = 1.0;
				PRODUCT_BUNDLE_IDENTIFIER = com.colbychang.focus;
				PRODUCT_NAME = "$(TARGET_NAME)";
				SWIFT_EMIT_LOC_STRINGS = YES;
				SWIFT_VERSION = 5.0;
				TARGETED_DEVICE_FAMILY = "1,2";
			};
			name = Release;
		};
		AC200001 /* Debug */ = {
			isa = XCBuildConfiguration;
			buildSettings = {
				CODE_SIGN_ENTITLEMENTS = DeviceActivityMonitorExtension/DeviceActivityMonitorExtension.entitlements;
				CODE_SIGN_STYLE = Automatic;
				CURRENT_PROJECT_VERSION = 1;
				GENERATE_INFOPLIST_FILE = YES;
				INFOPLIST_FILE = DeviceActivityMonitorExtension/Info.plist;
				INFOPLIST_KEY_CFBundleDisplayName = DeviceActivityMonitorExtension;
				INFOPLIST_KEY_NSHumanReadableCopyright = "";
				LD_RUNPATH_SEARCH_PATHS = (
					"$(inherited)",
					"@executable_path/Frameworks",
					"@executable_path/../../Frameworks",
				);
				MARKETING_VERSION = 1.0;
				PRODUCT_BUNDLE_IDENTIFIER = com.colbychang.focus.DeviceActivityMonitor;
				PRODUCT_NAME = "$(TARGET_NAME)";
				SKIP_INSTALL = YES;
				SWIFT_EMIT_LOC_STRINGS = YES;
				SWIFT_VERSION = 5.0;
				TARGETED_DEVICE_FAMILY = "1,2";
			};
			name = Debug;
		};
		AC200002 /* Release */ = {
			isa = XCBuildConfiguration;
			buildSettings = {
				CODE_SIGN_ENTITLEMENTS = DeviceActivityMonitorExtension/DeviceActivityMonitorExtension.entitlements;
				CODE_SIGN_STYLE = Automatic;
				CURRENT_PROJECT_VERSION = 1;
				GENERATE_INFOPLIST_FILE = YES;
				INFOPLIST_FILE = DeviceActivityMonitorExtension/Info.plist;
				INFOPLIST_KEY_CFBundleDisplayName = DeviceActivityMonitorExtension;
				INFOPLIST_KEY_NSHumanReadableCopyright = "";
				LD_RUNPATH_SEARCH_PATHS = (
					"$(inherited)",
					"@executable_path/Frameworks",
					"@executable_path/../../Frameworks",
				);
				MARKETING_VERSION = 1.0;
				PRODUCT_BUNDLE_IDENTIFIER = com.colbychang.focus.DeviceActivityMonitor;
				PRODUCT_NAME = "$(TARGET_NAME)";
				SKIP_INSTALL = YES;
				SWIFT_EMIT_LOC_STRINGS = YES;
				SWIFT_VERSION = 5.0;
				TARGETED_DEVICE_FAMILY = "1,2";
			};
			name = Release;
		};
		AC300001 /* Debug */ = {
			isa = XCBuildConfiguration;
			buildSettings = {
				CODE_SIGN_ENTITLEMENTS = ShieldConfigurationExtension/ShieldConfigurationExtension.entitlements;
				CODE_SIGN_STYLE = Automatic;
				CURRENT_PROJECT_VERSION = 1;
				GENERATE_INFOPLIST_FILE = YES;
				INFOPLIST_FILE = ShieldConfigurationExtension/Info.plist;
				INFOPLIST_KEY_CFBundleDisplayName = ShieldConfigurationExtension;
				INFOPLIST_KEY_NSHumanReadableCopyright = "";
				LD_RUNPATH_SEARCH_PATHS = (
					"$(inherited)",
					"@executable_path/Frameworks",
					"@executable_path/../../Frameworks",
				);
				MARKETING_VERSION = 1.0;
				PRODUCT_BUNDLE_IDENTIFIER = com.colbychang.focus.ShieldConfiguration;
				PRODUCT_NAME = "$(TARGET_NAME)";
				SKIP_INSTALL = YES;
				SWIFT_EMIT_LOC_STRINGS = YES;
				SWIFT_VERSION = 5.0;
				TARGETED_DEVICE_FAMILY = "1,2";
			};
			name = Debug;
		};
		AC300002 /* Release */ = {
			isa = XCBuildConfiguration;
			buildSettings = {
				CODE_SIGN_ENTITLEMENTS = ShieldConfigurationExtension/ShieldConfigurationExtension.entitlements;
				CODE_SIGN_STYLE = Automatic;
				CURRENT_PROJECT_VERSION = 1;
				GENERATE_INFOPLIST_FILE = YES;
				INFOPLIST_FILE = ShieldConfigurationExtension/Info.plist;
				INFOPLIST_KEY_CFBundleDisplayName = ShieldConfigurationExtension;
				INFOPLIST_KEY_NSHumanReadableCopyright = "";
				LD_RUNPATH_SEARCH_PATHS = (
					"$(inherited)",
					"@executable_path/Frameworks",
					"@executable_path/../../Frameworks",
				);
				MARKETING_VERSION = 1.0;
				PRODUCT_BUNDLE_IDENTIFIER = com.colbychang.focus.ShieldConfiguration;
				PRODUCT_NAME = "$(TARGET_NAME)";
				SKIP_INSTALL = YES;
				SWIFT_EMIT_LOC_STRINGS = YES;
				SWIFT_VERSION = 5.0;
				TARGETED_DEVICE_FAMILY = "1,2";
			};
			name = Release;
		};
		AC400001 /* Debug */ = {
			isa = XCBuildConfiguration;
			buildSettings = {
				CODE_SIGN_ENTITLEMENTS = ShieldActionExtension/ShieldActionExtension.entitlements;
				CODE_SIGN_STYLE = Automatic;
				CURRENT_PROJECT_VERSION = 1;
				GENERATE_INFOPLIST_FILE = YES;
				INFOPLIST_FILE = ShieldActionExtension/Info.plist;
				INFOPLIST_KEY_CFBundleDisplayName = ShieldActionExtension;
				INFOPLIST_KEY_NSHumanReadableCopyright = "";
				LD_RUNPATH_SEARCH_PATHS = (
					"$(inherited)",
					"@executable_path/Frameworks",
					"@executable_path/../../Frameworks",
				);
				MARKETING_VERSION = 1.0;
				PRODUCT_BUNDLE_IDENTIFIER = com.colbychang.focus.ShieldAction;
				PRODUCT_NAME = "$(TARGET_NAME)";
				SKIP_INSTALL = YES;
				SWIFT_EMIT_LOC_STRINGS = YES;
				SWIFT_VERSION = 5.0;
				TARGETED_DEVICE_FAMILY = "1,2";
			};
			name = Debug;
		};
		AC400002 /* Release */ = {
			isa = XCBuildConfiguration;
			buildSettings = {
				CODE_SIGN_ENTITLEMENTS = ShieldActionExtension/ShieldActionExtension.entitlements;
				CODE_SIGN_STYLE = Automatic;
				CURRENT_PROJECT_VERSION = 1;
				GENERATE_INFOPLIST_FILE = YES;
				INFOPLIST_FILE = ShieldActionExtension/Info.plist;
				INFOPLIST_KEY_CFBundleDisplayName = ShieldActionExtension;
				INFOPLIST_KEY_NSHumanReadableCopyright = "";
				LD_RUNPATH_SEARCH_PATHS = (
					"$(inherited)",
					"@executable_path/Frameworks",
					"@executable_path/../../Frameworks",
				);
				MARKETING_VERSION = 1.0;
				PRODUCT_BUNDLE_IDENTIFIER = com.colbychang.focus.ShieldAction;
				PRODUCT_NAME = "$(TARGET_NAME)";
				SKIP_INSTALL = YES;
				SWIFT_EMIT_LOC_STRINGS = YES;
				SWIFT_VERSION = 5.0;
				TARGETED_DEVICE_FAMILY = "1,2";
			};
			name = Release;
		};
		AC500001 /* Debug */ = {
			isa = XCBuildConfiguration;
			buildSettings = {
				CODE_SIGN_ENTITLEMENTS = DeviceActivityReportExtension/DeviceActivityReportExtension.entitlements;
				CODE_SIGN_STYLE = Automatic;
				CURRENT_PROJECT_VERSION = 1;
				GENERATE_INFOPLIST_FILE = YES;
				INFOPLIST_FILE = DeviceActivityReportExtension/Info.plist;
				INFOPLIST_KEY_CFBundleDisplayName = DeviceActivityReportExtension;
				INFOPLIST_KEY_NSHumanReadableCopyright = "";
				LD_RUNPATH_SEARCH_PATHS = (
					"$(inherited)",
					"@executable_path/Frameworks",
					"@executable_path/../../Frameworks",
				);
				MARKETING_VERSION = 1.0;
				PRODUCT_BUNDLE_IDENTIFIER = com.colbychang.focus.DeviceActivityReport;
				PRODUCT_NAME = "$(TARGET_NAME)";
				SKIP_INSTALL = YES;
				SWIFT_EMIT_LOC_STRINGS = YES;
				SWIFT_VERSION = 5.0;
				TARGETED_DEVICE_FAMILY = "1,2";
			};
			name = Debug;
		};
		AC500002 /* Release */ = {
			isa = XCBuildConfiguration;
			buildSettings = {
				CODE_SIGN_ENTITLEMENTS = DeviceActivityReportExtension/DeviceActivityReportExtension.entitlements;
				CODE_SIGN_STYLE = Automatic;
				CURRENT_PROJECT_VERSION = 1;
				GENERATE_INFOPLIST_FILE = YES;
				INFOPLIST_FILE = DeviceActivityReportExtension/Info.plist;
				INFOPLIST_KEY_CFBundleDisplayName = DeviceActivityReportExtension;
				INFOPLIST_KEY_NSHumanReadableCopyright = "";
				LD_RUNPATH_SEARCH_PATHS = (
					"$(inherited)",
					"@executable_path/Frameworks",
					"@executable_path/../../Frameworks",
				);
				MARKETING_VERSION = 1.0;
				PRODUCT_BUNDLE_IDENTIFIER = com.colbychang.focus.DeviceActivityReport;
				PRODUCT_NAME = "$(TARGET_NAME)";
				SKIP_INSTALL = YES;
				SWIFT_EMIT_LOC_STRINGS = YES;
				SWIFT_VERSION = 5.0;
				TARGETED_DEVICE_FAMILY = "1,2";
			};
			name = Release;
		};
		AC600001 /* Debug */ = {
			isa = XCBuildConfiguration;
			buildSettings = {
				ASSETCATALOG_COMPILER_GLOBAL_ACCENT_COLOR_NAME = AccentColor;
				ASSETCATALOG_COMPILER_WIDGET_BACKGROUND_COLOR_NAME = WidgetBackground;
				CODE_SIGN_ENTITLEMENTS = FocusWidgets/FocusWidgets.entitlements;
				CODE_SIGN_STYLE = Automatic;
				CURRENT_PROJECT_VERSION = 1;
				GENERATE_INFOPLIST_FILE = YES;
				INFOPLIST_FILE = FocusWidgets/Info.plist;
				INFOPLIST_KEY_CFBundleDisplayName = FocusWidgets;
				INFOPLIST_KEY_NSHumanReadableCopyright = "";
				LD_RUNPATH_SEARCH_PATHS = (
					"$(inherited)",
					"@executable_path/Frameworks",
					"@executable_path/../../Frameworks",
				);
				MARKETING_VERSION = 1.0;
				PRODUCT_BUNDLE_IDENTIFIER = com.colbychang.focus.FocusWidgets;
				PRODUCT_NAME = "$(TARGET_NAME)";
				SKIP_INSTALL = YES;
				SWIFT_EMIT_LOC_STRINGS = YES;
				SWIFT_VERSION = 5.0;
				TARGETED_DEVICE_FAMILY = "1,2";
			};
			name = Debug;
		};
		AC600002 /* Release */ = {
			isa = XCBuildConfiguration;
			buildSettings = {
				ASSETCATALOG_COMPILER_GLOBAL_ACCENT_COLOR_NAME = AccentColor;
				ASSETCATALOG_COMPILER_WIDGET_BACKGROUND_COLOR_NAME = WidgetBackground;
				CODE_SIGN_ENTITLEMENTS = FocusWidgets/FocusWidgets.entitlements;
				CODE_SIGN_STYLE = Automatic;
				CURRENT_PROJECT_VERSION = 1;
				GENERATE_INFOPLIST_FILE = YES;
				INFOPLIST_FILE = FocusWidgets/Info.plist;
				INFOPLIST_KEY_CFBundleDisplayName = FocusWidgets;
				INFOPLIST_KEY_NSHumanReadableCopyright = "";
				LD_RUNPATH_SEARCH_PATHS = (
					"$(inherited)",
					"@executable_path/Frameworks",
					"@executable_path/../../Frameworks",
				);
				MARKETING_VERSION = 1.0;
				PRODUCT_BUNDLE_IDENTIFIER = com.colbychang.focus.FocusWidgets;
				PRODUCT_NAME = "$(TARGET_NAME)";
				SKIP_INSTALL = YES;
				SWIFT_EMIT_LOC_STRINGS = YES;
				SWIFT_VERSION = 5.0;
				TARGETED_DEVICE_FAMILY = "1,2";
			};
			name = Release;
		};
		AC700001 /* Debug */ = {
			isa = XCBuildConfiguration;
			buildSettings = {
				BUNDLE_LOADER = "$(TEST_HOST)";
				CODE_SIGN_STYLE = Automatic;
				CURRENT_PROJECT_VERSION = 1;
				GENERATE_INFOPLIST_FILE = YES;
				MARKETING_VERSION = 1.0;
				PRODUCT_BUNDLE_IDENTIFIER = com.colbychang.focus.FocusTests;
				PRODUCT_NAME = "$(TARGET_NAME)";
				SWIFT_EMIT_LOC_STRINGS = NO;
				SWIFT_VERSION = 5.0;
				TARGETED_DEVICE_FAMILY = "1,2";
				TEST_HOST = "$(BUILT_PRODUCTS_DIR)/Focus.app/$(BUNDLE_EXECUTABLE_FOLDER_PATH)/Focus";
			};
			name = Debug;
		};
		AC700002 /* Release */ = {
			isa = XCBuildConfiguration;
			buildSettings = {
				BUNDLE_LOADER = "$(TEST_HOST)";
				CODE_SIGN_STYLE = Automatic;
				CURRENT_PROJECT_VERSION = 1;
				GENERATE_INFOPLIST_FILE = YES;
				MARKETING_VERSION = 1.0;
				PRODUCT_BUNDLE_IDENTIFIER = com.colbychang.focus.FocusTests;
				PRODUCT_NAME = "$(TARGET_NAME)";
				SWIFT_EMIT_LOC_STRINGS = NO;
				SWIFT_VERSION = 5.0;
				TARGETED_DEVICE_FAMILY = "1,2";
				TEST_HOST = "$(BUILT_PRODUCTS_DIR)/Focus.app/$(BUNDLE_EXECUTABLE_FOLDER_PATH)/Focus";
			};
			name = Release;
		};
		AC800001 /* Debug */ = {
			isa = XCBuildConfiguration;
			buildSettings = {
				CODE_SIGN_STYLE = Automatic;
				CURRENT_PROJECT_VERSION = 1;
				GENERATE_INFOPLIST_FILE = YES;
				MARKETING_VERSION = 1.0;
				PRODUCT_BUNDLE_IDENTIFIER = com.colbychang.focus.FocusUITests;
				PRODUCT_NAME = "$(TARGET_NAME)";
				SWIFT_EMIT_LOC_STRINGS = NO;
				SWIFT_VERSION = 5.0;
				TARGETED_DEVICE_FAMILY = "1,2";
				TEST_TARGET_NAME = Focus;
			};
			name = Debug;
		};
		AC800002 /* Release */ = {
			isa = XCBuildConfiguration;
			buildSettings = {
				CODE_SIGN_STYLE = Automatic;
				CURRENT_PROJECT_VERSION = 1;
				GENERATE_INFOPLIST_FILE = YES;
				MARKETING_VERSION = 1.0;
				PRODUCT_BUNDLE_IDENTIFIER = com.colbychang.focus.FocusUITests;
				PRODUCT_NAME = "$(TARGET_NAME)";
				SWIFT_EMIT_LOC_STRINGS = NO;
				SWIFT_VERSION = 5.0;
				TARGETED_DEVICE_FAMILY = "1,2";
				TEST_TARGET_NAME = Focus;
			};
			name = Release;
		};
/* End XCBuildConfiguration section */

/* Begin XCConfigurationList section */
		AB000000 /* Build configuration list for PBXProject "Focus" */ = {
			isa = XCConfigurationList;
			buildConfigurations = (
				AC000001 /* Debug */,
				AC000002 /* Release */,
			);
			defaultConfigurationIsVisible = 0;
			defaultConfigurationName = Release;
		};
		AB000001 /* Build configuration list for PBXNativeTarget "Focus" */ = {
			isa = XCConfigurationList;
			buildConfigurations = (
				AC100001 /* Debug */,
				AC100002 /* Release */,
			);
			defaultConfigurationIsVisible = 0;
			defaultConfigurationName = Release;
		};
		AB000010 /* Build configuration list for PBXNativeTarget "DeviceActivityMonitorExtension" */ = {
			isa = XCConfigurationList;
			buildConfigurations = (
				AC200001 /* Debug */,
				AC200002 /* Release */,
			);
			defaultConfigurationIsVisible = 0;
			defaultConfigurationName = Release;
		};
		AB000020 /* Build configuration list for PBXNativeTarget "ShieldConfigurationExtension" */ = {
			isa = XCConfigurationList;
			buildConfigurations = (
				AC300001 /* Debug */,
				AC300002 /* Release */,
			);
			defaultConfigurationIsVisible = 0;
			defaultConfigurationName = Release;
		};
		AB000030 /* Build configuration list for PBXNativeTarget "ShieldActionExtension" */ = {
			isa = XCConfigurationList;
			buildConfigurations = (
				AC400001 /* Debug */,
				AC400002 /* Release */,
			);
			defaultConfigurationIsVisible = 0;
			defaultConfigurationName = Release;
		};
		AB000040 /* Build configuration list for PBXNativeTarget "DeviceActivityReportExtension" */ = {
			isa = XCConfigurationList;
			buildConfigurations = (
				AC500001 /* Debug */,
				AC500002 /* Release */,
			);
			defaultConfigurationIsVisible = 0;
			defaultConfigurationName = Release;
		};
		AB000050 /* Build configuration list for PBXNativeTarget "FocusWidgets" */ = {
			isa = XCConfigurationList;
			buildConfigurations = (
				AC600001 /* Debug */,
				AC600002 /* Release */,
			);
			defaultConfigurationIsVisible = 0;
			defaultConfigurationName = Release;
		};
		AB000060 /* Build configuration list for PBXNativeTarget "FocusTests" */ = {
			isa = XCConfigurationList;
			buildConfigurations = (
				AC700001 /* Debug */,
				AC700002 /* Release */,
			);
			defaultConfigurationIsVisible = 0;
			defaultConfigurationName = Release;
		};
		AB000070 /* Build configuration list for PBXNativeTarget "FocusUITests" */ = {
			isa = XCConfigurationList;
			buildConfigurations = (
				AC800001 /* Debug */,
				AC800002 /* Release */,
			);
			defaultConfigurationIsVisible = 0;
			defaultConfigurationName = Release;
		};
/* End XCConfigurationList section */

/* Begin XCLocalSwiftPackageReference section */
		A5100001 /* XCLocalSwiftPackageReference "FocusCore" */ = {
			isa = XCLocalSwiftPackageReference;
			relativePath = FocusCore;
		};
/* End XCLocalSwiftPackageReference section */

/* Begin XCSwiftPackageProductDependency section */
		A5000001 /* FocusCore */ = {
			isa = XCSwiftPackageProductDependency;
			productName = FocusCore;
		};
		A5000002 /* FocusCore */ = {
			isa = XCSwiftPackageProductDependency;
			productName = FocusCore;
		};
		A5000003 /* FocusCore */ = {
			isa = XCSwiftPackageProductDependency;
			productName = FocusCore;
		};
		A5000004 /* FocusCore */ = {
			isa = XCSwiftPackageProductDependency;
			productName = FocusCore;
		};
		A5000005 /* FocusCore */ = {
			isa = XCSwiftPackageProductDependency;
			productName = FocusCore;
		};
		A5000006 /* FocusCore */ = {
			isa = XCSwiftPackageProductDependency;
			productName = FocusCore;
		};
/* End XCSwiftPackageProductDependency section */

	};
	rootObject = A0000001 /* Project object */;
}
